
Microsoft Visual Studio Solution File, Format Version 12.00
# Visual Studio Version 17
VisualStudioVersion = 17.2.32602.215
MinimumVisualStudioVersion = 10.0.40219.1
Project("{9A19103F-16F7-4668-BE54-9A1E7A4F7556}") = "BulkCallIngestWinApp", "BulkCallIngestWinApp\BulkCallIngestWinApp.csproj", "{CA1B94EE-6114-4CCD-AA6C-643D8FF37CF2}"
EndProject
Project("{9A19103F-16F7-4668-BE54-9A1E7A4F7556}") = "BulkCallProcessor", "BulkCallProcessor\BulkCallProcessor.csproj", "{D945DEB4-64B0-41B1-BD0F-7DC2220DBD39}"
EndProject
Project("{9A19103F-16F7-4668-BE54-9A1E7A4F7556}") = "BulkCallIngestCmdApp", "BulkCallIngestCmdApp\BulkCallIngestCmdApp.csproj", "{EF3C4120-5331-4BFA-A977-4B31999A928E}"
EndProject
Global
	GlobalSection(SolutionConfigurationPlatforms) = preSolution
		Debug|Any CPU = Debug|Any CPU
		Release|Any CPU = Release|Any CPU
	EndGlobalSection
	GlobalSection(ProjectConfigurationPlatforms) = postSolution
		{CA1B94EE-6114-4CCD-AA6C-643D8FF37CF2}.Debug|Any CPU.ActiveCfg = Debug|Any CPU
		{CA1B94EE-6114-4CCD-AA6C-643D8FF37CF2}.Debug|Any CPU.Build.0 = Debug|Any CPU
		{CA1B94EE-6114-4CCD-AA6C-643D8FF37CF2}.Release|Any CPU.ActiveCfg = Release|Any CPU
		{CA1B94EE-6114-4CCD-AA6C-643D8FF37CF2}.Release|Any CPU.Build.0 = Release|Any CPU
		{D945DEB4-64B0-41B1-BD0F-7DC2220DBD39}.Debug|Any CPU.ActiveCfg = Debug|Any CPU
		{D945DEB4-64B0-41B1-BD0F-7DC2220DBD39}.Debug|Any CPU.Build.0 = Debug|Any CPU
		{D945DEB4-64B0-41B1-BD0F-7DC2220DBD39}.Release|Any CPU.ActiveCfg = Release|Any CPU
		{D945DEB4-64B0-41B1-BD0F-7DC2220DBD39}.Release|Any CPU.Build.0 = Release|Any CPU
		{EF3C4120-5331-4BFA-A977-4B31999A928E}.Debug|Any CPU.ActiveCfg = Debug|Any CPU
		{EF3C4120-5331-4BFA-A977-4B31999A928E}.Debug|Any CPU.Build.0 = Debug|Any CPU
		{EF3C4120-5331-4BFA-A977-4B31999A928E}.Release|Any CPU.ActiveCfg = Release|Any CPU
		{EF3C4120-5331-4BFA-A977-4B31999A928E}.Release|Any CPU.Build.0 = Release|Any CPU
	EndGlobalSection
	GlobalSection(SolutionProperties) = preSolution
		HideSolutionNode = FALSE
	EndGlobalSection
	GlobalSection(ExtensibilityGlobals) = postSolution
		SolutionGuid = {A6681CBA-9835-45FE-B10E-4E8038F12CA5}
	EndGlobalSection
EndGlobal
